
Microsoft Visual Studio Solution File, Format Version 12.00
# Visual Studio 2012
Project("{FAE04EC0-301F-11D3-BF4B-00C04F79EFBC}") = "HospitalSelfSystem", "HospitalSelfSystem\HospitalSelfSystem.csproj", "{1942CE42-D06B-450C-880F-586009132A5F}"
EndProject
Project("{FAE04EC0-301F-11D3-BF4B-00C04F79EFBC}") = "AutoServiceSDK", "AutoServiceSDK\AutoServiceSDK.csproj", "{778BE1A8-0813-43A8-8263-1DDF34943AD5}"
EndProject
Project("{FAE04EC0-301F-11D3-BF4B-00C04F79EFBC}") = "RefreshTimeRegister", "RefreshTimeRegister\RefreshTimeRegister.csproj", "{8DAB4EA8-2A21-42F1-BFF0-ABA594363D26}"
EndProject
Global
	GlobalSection(TeamFoundationVersionControl) = preSolution
		SccNumberOfProjects = 4
		SccEnterpriseProvider = {4CA58AB2-18FA-4F8D-95D4-32DDF27D184C}
		SccTeamFoundationServer = https://tfs.codeplex.com/tfs/tfs29
		SccLocalPath0 = .
		SccProjectUniqueName1 = AutoServiceSDK\\AutoServiceSDK.csproj
		SccProjectName1 = AutoServiceSDK
		SccLocalPath1 = AutoServiceSDK
		SccProjectUniqueName2 = HospitalSelfSystem\\HospitalSelfSystem.csproj
		SccProjectName2 = HospitalSelfSystem
		SccLocalPath2 = HospitalSelfSystem
		SccProjectUniqueName3 = RefreshTimeRegister\\RefreshTimeRegister.csproj
		SccProjectName3 = RefreshTimeRegister
		SccLocalPath3 = RefreshTimeRegister
	EndGlobalSection
	GlobalSection(SolutionConfigurationPlatforms) = preSolution
		Debug|Any CPU = Debug|Any CPU
		Debug|Mixed Platforms = Debug|Mixed Platforms
		Debug|x86 = Debug|x86
		Release|Any CPU = Release|Any CPU
		Release|Mixed Platforms = Release|Mixed Platforms
		Release|x86 = Release|x86
	EndGlobalSection
	GlobalSection(ProjectConfigurationPlatforms) = postSolution
		{1942CE42-D06B-450C-880F-586009132A5F}.Debug|Any CPU.ActiveCfg = Debug|Any CPU
		{1942CE42-D06B-450C-880F-586009132A5F}.Debug|Any CPU.Build.0 = Debug|Any CPU
		{1942CE42-D06B-450C-880F-586009132A5F}.Debug|Mixed Platforms.ActiveCfg = Debug|Any CPU
		{1942CE42-D06B-450C-880F-586009132A5F}.Debug|Mixed Platforms.Build.0 = Debug|Any CPU
		{1942CE42-D06B-450C-880F-586009132A5F}.Debug|x86.ActiveCfg = Debug|Any CPU
		{1942CE42-D06B-450C-880F-586009132A5F}.Release|Any CPU.ActiveCfg = Release|Any CPU
		{1942CE42-D06B-450C-880F-586009132A5F}.Release|Any CPU.Build.0 = Release|Any CPU
		{1942CE42-D06B-450C-880F-586009132A5F}.Release|Mixed Platforms.ActiveCfg = Release|Any CPU
		{1942CE42-D06B-450C-880F-586009132A5F}.Release|Mixed Platforms.Build.0 = Release|Any CPU
		{1942CE42-D06B-450C-880F-586009132A5F}.Release|x86.ActiveCfg = Release|Any CPU
		{778BE1A8-0813-43A8-8263-1DDF34943AD5}.Debug|Any CPU.ActiveCfg = Debug|Any CPU
		{778BE1A8-0813-43A8-8263-1DDF34943AD5}.Debug|Any CPU.Build.0 = Debug|Any CPU
		{778BE1A8-0813-43A8-8263-1DDF34943AD5}.Debug|Mixed Platforms.ActiveCfg = Debug|Any CPU
		{778BE1A8-0813-43A8-8263-1DDF34943AD5}.Debug|Mixed Platforms.Build.0 = Debug|Any CPU
		{778BE1A8-0813-43A8-8263-1DDF34943AD5}.Debug|x86.ActiveCfg = Debug|Any CPU
		{778BE1A8-0813-43A8-8263-1DDF34943AD5}.Release|Any CPU.ActiveCfg = Release|Any CPU
		{778BE1A8-0813-43A8-8263-1DDF34943AD5}.Release|Any CPU.Build.0 = Release|Any CPU
		{778BE1A8-0813-43A8-8263-1DDF34943AD5}.Release|Mixed Platforms.ActiveCfg = Release|Any CPU
		{778BE1A8-0813-43A8-8263-1DDF34943AD5}.Release|Mixed Platforms.Build.0 = Release|Any CPU
		{778BE1A8-0813-43A8-8263-1DDF34943AD5}.Release|x86.ActiveCfg = Release|Any CPU
		{8DAB4EA8-2A21-42F1-BFF0-ABA594363D26}.Debug|Any CPU.ActiveCfg = Debug|x86
		{8DAB4EA8-2A21-42F1-BFF0-ABA594363D26}.Debug|Mixed Platforms.ActiveCfg = Debug|x86
		{8DAB4EA8-2A21-42F1-BFF0-ABA594363D26}.Debug|Mixed Platforms.Build.0 = Debug|x86
		{8DAB4EA8-2A21-42F1-BFF0-ABA594363D26}.Debug|x86.ActiveCfg = Debug|x86
		{8DAB4EA8-2A21-42F1-BFF0-ABA594363D26}.Debug|x86.Build.0 = Debug|x86
		{8DAB4EA8-2A21-42F1-BFF0-ABA594363D26}.Release|Any CPU.ActiveCfg = Release|x86
		{8DAB4EA8-2A21-42F1-BFF0-ABA594363D26}.Release|Mixed Platforms.ActiveCfg = Release|x86
		{8DAB4EA8-2A21-42F1-BFF0-ABA594363D26}.Release|Mixed Platforms.Build.0 = Release|x86
		{8DAB4EA8-2A21-42F1-BFF0-ABA594363D26}.Release|x86.ActiveCfg = Release|x86
		{8DAB4EA8-2A21-42F1-BFF0-ABA594363D26}.Release|x86.Build.0 = Release|x86
	EndGlobalSection
	GlobalSection(SolutionProperties) = preSolution
		HideSolutionNode = FALSE
	EndGlobalSection
EndGlobal
